
Microsoft Visual Studio Solution File, Format Version 12.00
# Visual Studio Version 16
VisualStudioVersion = 16.0.30611.23
MinimumVisualStudioVersion = 10.0.40219.1
Project("{FAE04EC0-301F-11D3-BF4B-00C04F79EFBC}") = "WebApplication2", "WebApplication2\WebApplication2.csproj", "{FEED47ED-D67B-4C35-AC1C-B8D74BEB049E}"
EndProject
Global
	GlobalSection(SolutionConfigurationPlatforms) = preSolution
		Debug|Any CPU = Debug|Any CPU
		Release|Any CPU = Release|Any CPU
	EndGlobalSection
	GlobalSection(ProjectConfigurationPlatforms) = postSolution
		{FEED47ED-D67B-4C35-AC1C-B8D74BEB049E}.Debug|Any CPU.ActiveCfg = Debug|Any CPU
		{FEED47ED-D67B-4C35-AC1C-B8D74BEB049E}.Debug|Any CPU.Build.0 = Debug|Any CPU
		{FEED47ED-D67B-4C35-AC1C-B8D74BEB049E}.Release|Any CPU.ActiveCfg = Release|Any CPU
		{FEED47ED-D67B-4C35-AC1C-B8D74BEB049E}.Release|Any CPU.Build.0 = Release|Any CPU
	EndGlobalSection
	GlobalSection(SolutionProperties) = preSolution
		HideSolutionNode = FALSE
	EndGlobalSection
	GlobalSection(ExtensibilityGlobals) = postSolution
		SolutionGuid = {77914861-9339-4C62-AF3A-EA1E147256DA}
	EndGlobalSection
EndGlobal
